
Microsoft Visual Studio Solution File, Format Version 12.00
Project("{2150E333-8FDC-42A3-9474-1A3956D46DE8}") = "src", "src", "{827E0CD3-B72D-47B6-A68D-7590B98EB39B}"
EndProject
Project("{2150E333-8FDC-42A3-9474-1A3956D46DE8}") = "BuildingBlocks", "BuildingBlocks", "{90298CBA-BD6F-3A0A-69D5-97CAD7B05E7E}"
EndProject
Project("{FAE04EC0-301F-11D3-BF4B-00C04F79EFBC}") = "CoreRentalNet.BuildingBlocks.Application", "src\BuildingBlocks\CoreRentalNet.BuildingBlocks.Application\CoreRentalNet.BuildingBlocks.Application.csproj", "{0A9D8D76-7FB0-45CF-B36E-41BCFFD8AD29}"
EndProject
Project("{FAE04EC0-301F-11D3-BF4B-00C04F79EFBC}") = "CoreRentalNet.BuildingBlocks.Domain", "src\BuildingBlocks\CoreRentalNet.BuildingBlocks.Domain\CoreRentalNet.BuildingBlocks.Domain.csproj", "{3E26B320-C886-4C4C-BE28-028C544BCC6F}"
EndProject
Project("{2150E333-8FDC-42A3-9474-1A3956D46DE8}") = "Modules", "Modules", "{EC447DCF-ABFA-6E24-52A5-D7FD48A5C558}"
EndProject
Project("{2150E333-8FDC-42A3-9474-1A3956D46DE8}") = "Catalog", "Catalog", "{1E1EF545-4C18-AEE2-B997-7EF431518D3F}"
EndProject
Project("{FAE04EC0-301F-11D3-BF4B-00C04F79EFBC}") = "CoreRentalNet.Modules.Catalog.Application", "src\Modules\Catalog\CoreRentalNet.Modules.Catalog.Application\CoreRentalNet.Modules.Catalog.Application.csproj", "{94BC93EA-A694-470F-A731-ADAC65DCDF44}"
EndProject
Project("{FAE04EC0-301F-11D3-BF4B-00C04F79EFBC}") = "CoreRentalNet.Modules.Catalog.Domain", "src\Modules\Catalog\CoreRentalNet.Modules.Catalog.Domain\CoreRentalNet.Modules.Catalog.Domain.csproj", "{112D9817-57E8-4FA9-8C64-E841657715E3}"
EndProject
Project("{FAE04EC0-301F-11D3-BF4B-00C04F79EFBC}") = "CoreRentalNet.Modules.Catalog.Infrastructure", "src\Modules\Catalog\CoreRentalNet.Modules.Catalog.Infrastructure\CoreRentalNet.Modules.Catalog.Infrastructure.csproj", "{9B827497-1624-4280-882A-5CA0CAF1D580}"
EndProject
Project("{2150E333-8FDC-42A3-9474-1A3956D46DE8}") = "tests", "tests", "{0AB3BF05-4346-4AA6-1389-037BE0695223}"
EndProject
Project("{FAE04EC0-301F-11D3-BF4B-00C04F79EFBC}") = "CoreRentalNet.ArchitectureTests", "tests\CoreRentalNet.ArchitectureTests\CoreRentalNet.ArchitectureTests.csproj", "{8798424A-FF07-48D4-B3DB-2A3DE2A7E1DB}"
EndProject
Project("{FAE04EC0-301F-11D3-BF4B-00C04F79EFBC}") = "CoreRentalNet.IntegrationTests", "tests\CoreRentalNet.IntegrationTests\CoreRentalNet.IntegrationTests.csproj", "{CF3EB053-856E-4188-96CA-5BBEA2973F37}"
EndProject
Project("{FAE04EC0-301F-11D3-BF4B-00C04F79EFBC}") = "CoreRentalNet.Modules.Catalog.UnitTests", "tests\CoreRentalNet.Modules.Catalog.UnitTests\CoreRentalNet.Modules.Catalog.UnitTests.csproj", "{D6DF2E0E-D53E-4C8E-9F0C-51879221457E}"
EndProject
Project("{2150E333-8FDC-42A3-9474-1A3956D46DE8}") = "Workspace", "Workspace", "{60E86E71-C0FB-EB8C-7761-71EDD8B40B3C}"
EndProject
Project("{FAE04EC0-301F-11D3-BF4B-00C04F79EFBC}") = "CoreRentalNet.Modules.Workspace.Application", "src\Modules\Workspace\CoreRentalNet.Modules.Workspace.Application\CoreRentalNet.Modules.Workspace.Application.csproj", "{CC94C055-4A23-4828-9667-D007703A5627}"
EndProject
Project("{FAE04EC0-301F-11D3-BF4B-00C04F79EFBC}") = "CoreRentalNet.Modules.Workspace.Domain", "src\Modules\Workspace\CoreRentalNet.Modules.Workspace.Domain\CoreRentalNet.Modules.Workspace.Domain.csproj", "{48BBE340-193E-4BE9-9192-E5E822448F76}"
EndProject
Project("{FAE04EC0-301F-11D3-BF4B-00C04F79EFBC}") = "CoreRentalNet.Modules.Workspace.UnitTests", "tests\CoreRentalNet.Modules.Workspace.UnitTests\CoreRentalNet.Modules.Workspace.UnitTests.csproj", "{195B6083-B1F9-4A5F-9D0C-AEC6395F766D}"
EndProject
Project("{FAE04EC0-301F-11D3-BF4B-00C04F79EFBC}") = "CoreRentalNet.BuildingBlocks.Infrastructure", "src\BuildingBlocks\CoreRentalNet.BuildingBlocks.Infrastructure\CoreRentalNet.BuildingBlocks.Infrastructure.csproj", "{79242035-F230-480D-8100-468A4D8EE899}"
EndProject
Project("{FAE04EC0-301F-11D3-BF4B-00C04F79EFBC}") = "CoreRentalNet.Modules.Workspace.Infrastructure", "src\Modules\Workspace\CoreRentalNet.Modules.Workspace.Infrastructure\CoreRentalNet.Modules.Workspace.Infrastructure.csproj", "{17D26582-6DE0-41E9-BD15-11C858F0BE48}"
EndProject
Project("{2150E333-8FDC-42A3-9474-1A3956D46DE8}") = "Host", "Host", "{981C2CF6-E5BB-602A-511C-234B538302B0}"
EndProject
Project("{FAE04EC0-301F-11D3-BF4B-00C04F79EFBC}") = "CoreRentalNet.Host", "src\Host\CoreRentalNet.Host\CoreRentalNet.Host.csproj", "{9F1A6A7F-FA60-4554-B180-88379097195B}"
EndProject
Project("{FAE04EC0-301F-11D3-BF4B-00C04F79EFBC}") = "CoreRentalNet.BuildingBlocks.UnitTests", "tests\CoreRentalNet.BuildingBlocks.UnitTests\CoreRentalNet.BuildingBlocks.UnitTests.csproj", "{69B398BC-A4CB-413C-8FCA-4EB5C01EDB69}"
EndProject
Project("{FAE04EC0-301F-11D3-BF4B-00C04F79EFBC}") = "CoreRentalNet.Modules.Rentals.UnitTests", "tests\CoreRentalNet.Modules.Rentals.UnitTests\CoreRentalNet.Modules.Rentals.UnitTests.csproj", "{93AC03D9-D530-43D5-AAED-6368E6543819}"
EndProject
Project("{2150E333-8FDC-42A3-9474-1A3956D46DE8}") = "Rentals", "Rentals", "{C5241A24-856D-B6AE-A4C6-237D5DE9D9E8}"
EndProject
Project("{FAE04EC0-301F-11D3-BF4B-00C04F79EFBC}") = "CoreRentalNet.Modules.Rentals.Application", "src\Modules\Rentals\CoreRentalNet.Modules.Rentals.Application\CoreRentalNet.Modules.Rentals.Application.csproj", "{4CA44AD4-8DA8-4AB8-933B-2C11F2BE0848}"
EndProject
Project("{FAE04EC0-301F-11D3-BF4B-00C04F79EFBC}") = "CoreRentalNet.Modules.Rentals.Domain", "src\Modules\Rentals\CoreRentalNet.Modules.Rentals.Domain\CoreRentalNet.Modules.Rentals.Domain.csproj", "{4FF07A90-0C5F-4EBD-8D9A-7433AFD8725C}"
EndProject
Project("{FAE04EC0-301F-11D3-BF4B-00C04F79EFBC}") = "CoreRentalNet.E2E", "tests\CoreRentalNet.E2E\CoreRentalNet.E2E.csproj", "{70246469-C4BE-447A-951C-9A6C4177C376}"
EndProject
Project("{FAE04EC0-301F-11D3-BF4B-00C04F79EFBC}") = "CoreRentalNet.Host.Tests", "tests\CoreRentalNet.Host.Tests\CoreRentalNet.Host.Tests.csproj", "{01C8FC27-BC63-4B1B-BBCA-04AAB803EFC4}"
EndProject
Project("{FAE04EC0-301F-11D3-BF4B-00C04F79EFBC}") = "CoreRentalNet.E2E.LocalProvider", "tests\CoreRentalNet.E2E.LocalProvider\CoreRentalNet.E2E.LocalProvider.csproj", "{D7FF0D5D-067C-4A65-9363-02F617CCA910}"
EndProject
Project("{FAE04EC0-301F-11D3-BF4B-00C04F79EFBC}") = "CoreRentalNet.BehaviourLock", "tests\CoreRentalNet.BehaviourLock\CoreRentalNet.BehaviourLock.csproj", "{94324871-830F-49E2-8E2A-A8FDBB62C9A0}"
EndProject
Project("{FAE04EC0-301F-11D3-BF4B-00C04F79EFBC}") = "CoreRentalNet.Modules.Rentals.Infrastructure", "src\Modules\Rentals\CoreRentalNet.Modules.Rentals.Infrastructure\CoreRentalNet.Modules.Rentals.Infrastructure.csproj", "{612EC9DC-9BEA-431E-B5AD-C9E9786FE230}"
EndProject
Project("{FAE04EC0-301F-11D3-BF4B-00C04F79EFBC}") = "CoreRentalNet.E2E.LocalAgent", "tests\CoreRentalNet.E2E.LocalAgent\CoreRentalNet.E2E.LocalAgent.csproj", "{DC2526CA-03EE-46E2-BB47-7BB74C544542}"
EndProject
Project("{2150E333-8FDC-42A3-9474-1A3956D46DE8}") = "Discovery", "Discovery", "{45D4843E-D65D-046D-A47C-6FD9A62F431A}"
EndProject
Project("{FAE04EC0-301F-11D3-BF4B-00C04F79EFBC}") = "CoreRentalNet.Modules.Discovery.Domain", "src\Modules\Discovery\CoreRentalNet.Modules.Discovery.Domain\CoreRentalNet.Modules.Discovery.Domain.csproj", "{349EAD08-BEF7-41B0-B74A-1103EC89D23B}"
EndProject
Project("{FAE04EC0-301F-11D3-BF4B-00C04F79EFBC}") = "CoreRentalNet.Modules.Discovery.Application", "src\Modules\Discovery\CoreRentalNet.Modules.Discovery.Application\CoreRentalNet.Modules.Discovery.Application.csproj", "{A1CA4AB8-C264-4EF9-8B1A-77E21116BADB}"
EndProject
Project("{FAE04EC0-301F-11D3-BF4B-00C04F79EFBC}") = "CoreRentalNet.Modules.Discovery.Infrastructure", "src\Modules\Discovery\CoreRentalNet.Modules.Discovery.Infrastructure\CoreRentalNet.Modules.Discovery.Infrastructure.csproj", "{4D7478CA-826E-4ABD-93BF-1A0990504653}"
EndProject
Project("{FAE04EC0-301F-11D3-BF4B-00C04F79EFBC}") = "CoreRentalNet.Modules.Discovery.UnitTests", "tests\CoreRentalNet.Modules.Discovery.UnitTests\CoreRentalNet.Modules.Discovery.UnitTests.csproj", "{4A821001-4D5B-425A-9C5E-4E1F58F4F17E}"
EndProject
Project("{2150E333-8FDC-42A3-9474-1A3956D46DE8}") = "Tools", "Tools", "{DCB6FCB8-FF92-AC57-0842-1F72A354D6B1}"
EndProject
Project("{FAE04EC0-301F-11D3-BF4B-00C04F79EFBC}") = "CoreRentalNet.CatalogIngestion", "src\Tools\CoreRentalNet.CatalogIngestion\CoreRentalNet.CatalogIngestion.csproj", "{50ECC1B5-3399-4BC9-8252-4781A02524A7}"
EndProject
Project("{FAE04EC0-301F-11D3-BF4B-00C04F79EFBC}") = "CoreRentalNet.CatalogIngestion.Tests", "tests\CoreRentalNet.CatalogIngestion.Tests\CoreRentalNet.CatalogIngestion.Tests.csproj", "{A0145F2D-C345-417F-ABA8-385A2AF29B9A}"
EndProject
Global
	GlobalSection(SolutionConfigurationPlatforms) = preSolution
		Debug|Any CPU = Debug|Any CPU
		Debug|x64 = Debug|x64
		Debug|x86 = Debug|x86
		Release|Any CPU = Release|Any CPU
		Release|x64 = Release|x64
		Release|x86 = Release|x86
	EndGlobalSection
	GlobalSection(ProjectConfigurationPlatforms) = postSolution
		{0A9D8D76-7FB0-45CF-B36E-41BCFFD8AD29}.Debug|Any CPU.ActiveCfg = Debug|Any CPU
		{0A9D8D76-7FB0-45CF-B36E-41BCFFD8AD29}.Debug|Any CPU.Build.0 = Debug|Any CPU
		{0A9D8D76-7FB0-45CF-B36E-41BCFFD8AD29}.Debug|x64.ActiveCfg = Debug|Any CPU
		{0A9D8D76-7FB0-45CF-B36E-41BCFFD8AD29}.Debug|x64.Build.0 = Debug|Any CPU
		{0A9D8D76-7FB0-45CF-B36E-41BCFFD8AD29}.Debug|x86.ActiveCfg = Debug|Any CPU
		{0A9D8D76-7FB0-45CF-B36E-41BCFFD8AD29}.Debug|x86.Build.0 = Debug|Any CPU
		{0A9D8D76-7FB0-45CF-B36E-41BCFFD8AD29}.Release|Any CPU.ActiveCfg = Release|Any CPU
		{0A9D8D76-7FB0-45CF-B36E-41BCFFD8AD29}.Release|Any CPU.Build.0 = Release|Any CPU
		{0A9D8D76-7FB0-45CF-B36E-41BCFFD8AD29}.Release|x64.ActiveCfg = Release|Any CPU
		{0A9D8D76-7FB0-45CF-B36E-41BCFFD8AD29}.Release|x64.Build.0 = Release|Any CPU
		{0A9D8D76-7FB0-45CF-B36E-41BCFFD8AD29}.Release|x86.ActiveCfg = Release|Any CPU
		{0A9D8D76-7FB0-45CF-B36E-41BCFFD8AD29}.Release|x86.Build.0 = Release|Any CPU
		{3E26B320-C886-4C4C-BE28-028C544BCC6F}.Debug|Any CPU.ActiveCfg = Debug|Any CPU
		{3E26B320-C886-4C4C-BE28-028C544BCC6F}.Debug|Any CPU.Build.0 = Debug|Any CPU
		{3E26B320-C886-4C4C-BE28-028C544BCC6F}.Debug|x64.ActiveCfg = Debug|Any CPU
		{3E26B320-C886-4C4C-BE28-028C544BCC6F}.Debug|x64.Build.0 = Debug|Any CPU
		{3E26B320-C886-4C4C-BE28-028C544BCC6F}.Debug|x86.ActiveCfg = Debug|Any CPU
		{3E26B320-C886-4C4C-BE28-028C544BCC6F}.Debug|x86.Build.0 = Debug|Any CPU
		{3E26B320-C886-4C4C-BE28-028C544BCC6F}.Release|Any CPU.ActiveCfg = Release|Any CPU
		{3E26B320-C886-4C4C-BE28-028C544BCC6F}.Release|Any CPU.Build.0 = Release|Any CPU
		{3E26B320-C886-4C4C-BE28-028C544BCC6F}.Release|x64.ActiveCfg = Release|Any CPU
		{3E26B320-C886-4C4C-BE28-028C544BCC6F}.Release|x64.Build.0 = Release|Any CPU
		{3E26B320-C886-4C4C-BE28-028C544BCC6F}.Release|x86.ActiveCfg = Release|Any CPU
		{3E26B320-C886-4C4C-BE28-028C544BCC6F}.Release|x86.Build.0 = Release|Any CPU
		{94BC93EA-A694-470F-A731-ADAC65DCDF44}.Debug|Any CPU.ActiveCfg = Debug|Any CPU
		{94BC93EA-A694-470F-A731-ADAC65DCDF44}.Debug|Any CPU.Build.0 = Debug|Any CPU
		{94BC93EA-A694-470F-A731-ADAC65DCDF44}.Debug|x64.ActiveCfg = Debug|Any CPU
		{94BC93EA-A694-470F-A731-ADAC65DCDF44}.Debug|x64.Build.0 = Debug|Any CPU
		{94BC93EA-A694-470F-A731-ADAC65DCDF44}.Debug|x86.ActiveCfg = Debug|Any CPU
		{94BC93EA-A694-470F-A731-ADAC65DCDF44}.Debug|x86.Build.0 = Debug|Any CPU
		{94BC93EA-A694-470F-A731-ADAC65DCDF44}.Release|Any CPU.ActiveCfg = Release|Any CPU
		{94BC93EA-A694-470F-A731-ADAC65DCDF44}.Release|Any CPU.Build.0 = Release|Any CPU
		{94BC93EA-A694-470F-A731-ADAC65DCDF44}.Release|x64.ActiveCfg = Release|Any CPU
		{94BC93EA-A694-470F-A731-ADAC65DCDF44}.Release|x64.Build.0 = Release|Any CPU
		{94BC93EA-A694-470F-A731-ADAC65DCDF44}.Release|x86.ActiveCfg = Release|Any CPU
		{94BC93EA-A694-470F-A731-ADAC65DCDF44}.Release|x86.Build.0 = Release|Any CPU
		{112D9817-57E8-4FA9-8C64-E841657715E3}.Debug|Any CPU.ActiveCfg = Debug|Any CPU
		{112D9817-57E8-4FA9-8C64-E841657715E3}.Debug|Any CPU.Build.0 = Debug|Any CPU
		{112D9817-57E8-4FA9-8C64-E841657715E3}.Debug|x64.ActiveCfg = Debug|Any CPU
		{112D9817-57E8-4FA9-8C64-E841657715E3}.Debug|x64.Build.0 = Debug|Any CPU
		{112D9817-57E8-4FA9-8C64-E841657715E3}.Debug|x86.ActiveCfg = Debug|Any CPU
		{112D9817-57E8-4FA9-8C64-E841657715E3}.Debug|x86.Build.0 = Debug|Any CPU
		{112D9817-57E8-4FA9-8C64-E841657715E3}.Release|Any CPU.ActiveCfg = Release|Any CPU
		{112D9817-57E8-4FA9-8C64-E841657715E3}.Release|Any CPU.Build.0 = Release|Any CPU
		{112D9817-57E8-4FA9-8C64-E841657715E3}.Release|x64.ActiveCfg = Release|Any CPU
		{112D9817-57E8-4FA9-8C64-E841657715E3}.Release|x64.Build.0 = Release|Any CPU
		{112D9817-57E8-4FA9-8C64-E841657715E3}.Release|x86.ActiveCfg = Release|Any CPU
		{112D9817-57E8-4FA9-8C64-E841657715E3}.Release|x86.Build.0 = Release|Any CPU
		{9B827497-1624-4280-882A-5CA0CAF1D580}.Debug|Any CPU.ActiveCfg = Debug|Any CPU
		{9B827497-1624-4280-882A-5CA0CAF1D580}.Debug|Any CPU.Build.0 = Debug|Any CPU
		{9B827497-1624-4280-882A-5CA0CAF1D580}.Debug|x64.ActiveCfg = Debug|Any CPU
		{9B827497-1624-4280-882A-5CA0CAF1D580}.Debug|x64.Build.0 = Debug|Any CPU
		{9B827497-1624-4280-882A-5CA0CAF1D580}.Debug|x86.ActiveCfg = Debug|Any CPU
		{9B827497-1624-4280-882A-5CA0CAF1D580}.Debug|x86.Build.0 = Debug|Any CPU
		{9B827497-1624-4280-882A-5CA0CAF1D580}.Release|Any CPU.ActiveCfg = Release|Any CPU
		{9B827497-1624-4280-882A-5CA0CAF1D580}.Release|Any CPU.Build.0 = Release|Any CPU
		{9B827497-1624-4280-882A-5CA0CAF1D580}.Release|x64.ActiveCfg = Release|Any CPU
		{9B827497-1624-4280-882A-5CA0CAF1D580}.Release|x64.Build.0 = Release|Any CPU
		{9B827497-1624-4280-882A-5CA0CAF1D580}.Release|x86.ActiveCfg = Release|Any CPU
		{9B827497-1624-4280-882A-5CA0CAF1D580}.Release|x86.Build.0 = Release|Any CPU
		{8798424A-FF07-48D4-B3DB-2A3DE2A7E1DB}.Debug|Any CPU.ActiveCfg = Debug|Any CPU
		{8798424A-FF07-48D4-B3DB-2A3DE2A7E1DB}.Debug|Any CPU.Build.0 = Debug|Any CPU
		{8798424A-FF07-48D4-B3DB-2A3DE2A7E1DB}.Debug|x64.ActiveCfg = Debug|Any CPU
		{8798424A-FF07-48D4-B3DB-2A3DE2A7E1DB}.Debug|x64.Build.0 = Debug|Any CPU
		{8798424A-FF07-48D4-B3DB-2A3DE2A7E1DB}.Debug|x86.ActiveCfg = Debug|Any CPU
		{8798424A-FF07-48D4-B3DB-2A3DE2A7E1DB}.Debug|x86.Build.0 = Debug|Any CPU
		{8798424A-FF07-48D4-B3DB-2A3DE2A7E1DB}.Release|Any CPU.ActiveCfg = Release|Any CPU
		{8798424A-FF07-48D4-B3DB-2A3DE2A7E1DB}.Release|Any CPU.Build.0 = Release|Any CPU
		{8798424A-FF07-48D4-B3DB-2A3DE2A7E1DB}.Release|x64.ActiveCfg = Release|Any CPU
		{8798424A-FF07-48D4-B3DB-2A3DE2A7E1DB}.Release|x64.Build.0 = Release|Any CPU
		{8798424A-FF07-48D4-B3DB-2A3DE2A7E1DB}.Release|x86.ActiveCfg = Release|Any CPU
		{8798424A-FF07-48D4-B3DB-2A3DE2A7E1DB}.Release|x86.Build.0 = Release|Any CPU
		{CF3EB053-856E-4188-96CA-5BBEA2973F37}.Debug|Any CPU.ActiveCfg = Debug|Any CPU
		{CF3EB053-856E-4188-96CA-5BBEA2973F37}.Debug|Any CPU.Build.0 = Debug|Any CPU
		{CF3EB053-856E-4188-96CA-5BBEA2973F37}.Debug|x64.ActiveCfg = Debug|Any CPU
		{CF3EB053-856E-4188-96CA-5BBEA2973F37}.Debug|x64.Build.0 = Debug|Any CPU
		{CF3EB053-856E-4188-96CA-5BBEA2973F37}.Debug|x86.ActiveCfg = Debug|Any CPU
		{CF3EB053-856E-4188-96CA-5BBEA2973F37}.Debug|x86.Build.0 = Debug|Any CPU
		{CF3EB053-856E-4188-96CA-5BBEA2973F37}.Release|Any CPU.ActiveCfg = Release|Any CPU
		{CF3EB053-856E-4188-96CA-5BBEA2973F37}.Release|Any CPU.Build.0 = Release|Any CPU
		{CF3EB053-856E-4188-96CA-5BBEA2973F37}.Release|x64.ActiveCfg = Release|Any CPU
		{CF3EB053-856E-4188-96CA-5BBEA2973F37}.Release|x64.Build.0 = Release|Any CPU
		{CF3EB053-856E-4188-96CA-5BBEA2973F37}.Release|x86.ActiveCfg = Release|Any CPU
		{CF3EB053-856E-4188-96CA-5BBEA2973F37}.Release|x86.Build.0 = Release|Any CPU
		{D6DF2E0E-D53E-4C8E-9F0C-51879221457E}.Debug|Any CPU.ActiveCfg = Debug|Any CPU
		{D6DF2E0E-D53E-4C8E-9F0C-51879221457E}.Debug|Any CPU.Build.0 = Debug|Any CPU
		{D6DF2E0E-D53E-4C8E-9F0C-51879221457E}.Debug|x64.ActiveCfg = Debug|Any CPU
		{D6DF2E0E-D53E-4C8E-9F0C-51879221457E}.Debug|x64.Build.0 = Debug|Any CPU
		{D6DF2E0E-D53E-4C8E-9F0C-51879221457E}.Debug|x86.ActiveCfg = Debug|Any CPU
		{D6DF2E0E-D53E-4C8E-9F0C-51879221457E}.Debug|x86.Build.0 = Debug|Any CPU
		{D6DF2E0E-D53E-4C8E-9F0C-51879221457E}.Release|Any CPU.ActiveCfg = Release|Any CPU
		{D6DF2E0E-D53E-4C8E-9F0C-51879221457E}.Release|Any CPU.Build.0 = Release|Any CPU
		{D6DF2E0E-D53E-4C8E-9F0C-51879221457E}.Release|x64.ActiveCfg = Release|Any CPU
		{D6DF2E0E-D53E-4C8E-9F0C-51879221457E}.Release|x64.Build.0 = Release|Any CPU
		{D6DF2E0E-D53E-4C8E-9F0C-51879221457E}.Release|x86.ActiveCfg = Release|Any CPU
		{D6DF2E0E-D53E-4C8E-9F0C-51879221457E}.Release|x86.Build.0 = Release|Any CPU
		{CC94C055-4A23-4828-9667-D007703A5627}.Debug|Any CPU.ActiveCfg = Debug|Any CPU
		{CC94C055-4A23-4828-9667-D007703A5627}.Debug|Any CPU.Build.0 = Debug|Any CPU
		{CC94C055-4A23-4828-9667-D007703A5627}.Debug|x64.ActiveCfg = Debug|Any CPU
		{CC94C055-4A23-4828-9667-D007703A5627}.Debug|x64.Build.0 = Debug|Any CPU
		{CC94C055-4A23-4828-9667-D007703A5627}.Debug|x86.ActiveCfg = Debug|Any CPU
		{CC94C055-4A23-4828-9667-D007703A5627}.Debug|x86.Build.0 = Debug|Any CPU
		{CC94C055-4A23-4828-9667-D007703A5627}.Release|Any CPU.ActiveCfg = Release|Any CPU
		{CC94C055-4A23-4828-9667-D007703A5627}.Release|Any CPU.Build.0 = Release|Any CPU
		{CC94C055-4A23-4828-9667-D007703A5627}.Release|x64.ActiveCfg = Release|Any CPU
		{CC94C055-4A23-4828-9667-D007703A5627}.Release|x64.Build.0 = Release|Any CPU
		{CC94C055-4A23-4828-9667-D007703A5627}.Release|x86.ActiveCfg = Release|Any CPU
		{CC94C055-4A23-4828-9667-D007703A5627}.Release|x86.Build.0 = Release|Any CPU
		{48BBE340-193E-4BE9-9192-E5E822448F76}.Debug|Any CPU.ActiveCfg = Debug|Any CPU
		{48BBE340-193E-4BE9-9192-E5E822448F76}.Debug|Any CPU.Build.0 = Debug|Any CPU
		{48BBE340-193E-4BE9-9192-E5E822448F76}.Debug|x64.ActiveCfg = Debug|Any CPU
		{48BBE340-193E-4BE9-9192-E5E822448F76}.Debug|x64.Build.0 = Debug|Any CPU
		{48BBE340-193E-4BE9-9192-E5E822448F76}.Debug|x86.ActiveCfg = Debug|Any CPU
		{48BBE340-193E-4BE9-9192-E5E822448F76}.Debug|x86.Build.0 = Debug|Any CPU
		{48BBE340-193E-4BE9-9192-E5E822448F76}.Release|Any CPU.ActiveCfg = Release|Any CPU
		{48BBE340-193E-4BE9-9192-E5E822448F76}.Release|Any CPU.Build.0 = Release|Any CPU
		{48BBE340-193E-4BE9-9192-E5E822448F76}.Release|x64.ActiveCfg = Release|Any CPU
		{48BBE340-193E-4BE9-9192-E5E822448F76}.Release|x64.Build.0 = Release|Any CPU
		{48BBE340-193E-4BE9-9192-E5E822448F76}.Release|x86.ActiveCfg = Release|Any CPU
		{48BBE340-193E-4BE9-9192-E5E822448F76}.Release|x86.Build.0 = Release|Any CPU
		{195B6083-B1F9-4A5F-9D0C-AEC6395F766D}.Debug|Any CPU.ActiveCfg = Debug|Any CPU
		{195B6083-B1F9-4A5F-9D0C-AEC6395F766D}.Debug|Any CPU.Build.0 = Debug|Any CPU
		{195B6083-B1F9-4A5F-9D0C-AEC6395F766D}.Debug|x64.ActiveCfg = Debug|Any CPU
		{195B6083-B1F9-4A5F-9D0C-AEC6395F766D}.Debug|x64.Build.0 = Debug|Any CPU
		{195B6083-B1F9-4A5F-9D0C-AEC6395F766D}.Debug|x86.ActiveCfg = Debug|Any CPU
		{195B6083-B1F9-4A5F-9D0C-AEC6395F766D}.Debug|x86.Build.0 = Debug|Any CPU
		{195B6083-B1F9-4A5F-9D0C-AEC6395F766D}.Release|Any CPU.ActiveCfg = Release|Any CPU
		{195B6083-B1F9-4A5F-9D0C-AEC6395F766D}.Release|Any CPU.Build.0 = Release|Any CPU
		{195B6083-B1F9-4A5F-9D0C-AEC6395F766D}.Release|x64.ActiveCfg = Release|Any CPU
		{195B6083-B1F9-4A5F-9D0C-AEC6395F766D}.Release|x64.Build.0 = Release|Any CPU
		{195B6083-B1F9-4A5F-9D0C-AEC6395F766D}.Release|x86.ActiveCfg = Release|Any CPU
		{195B6083-B1F9-4A5F-9D0C-AEC6395F766D}.Release|x86.Build.0 = Release|Any CPU
		{79242035-F230-480D-8100-468A4D8EE899}.Debug|Any CPU.ActiveCfg = Debug|Any CPU
		{79242035-F230-480D-8100-468A4D8EE899}.Debug|Any CPU.Build.0 = Debug|Any CPU
		{79242035-F230-480D-8100-468A4D8EE899}.Debug|x64.ActiveCfg = Debug|Any CPU
		{79242035-F230-480D-8100-468A4D8EE899}.Debug|x64.Build.0 = Debug|Any CPU
		{79242035-F230-480D-8100-468A4D8EE899}.Debug|x86.ActiveCfg = Debug|Any CPU
		{79242035-F230-480D-8100-468A4D8EE899}.Debug|x86.Build.0 = Debug|Any CPU
		{79242035-F230-480D-8100-468A4D8EE899}.Release|Any CPU.ActiveCfg = Release|Any CPU
		{79242035-F230-480D-8100-468A4D8EE899}.Release|Any CPU.Build.0 = Release|Any CPU
		{79242035-F230-480D-8100-468A4D8EE899}.Release|x64.ActiveCfg = Release|Any CPU
		{79242035-F230-480D-8100-468A4D8EE899}.Release|x64.Build.0 = Release|Any CPU
		{79242035-F230-480D-8100-468A4D8EE899}.Release|x86.ActiveCfg = Release|Any CPU
		{79242035-F230-480D-8100-468A4D8EE899}.Release|x86.Build.0 = Release|Any CPU
		{17D26582-6DE0-41E9-BD15-11C858F0BE48}.Debug|Any CPU.ActiveCfg = Debug|Any CPU
		{17D26582-6DE0-41E9-BD15-11C858F0BE48}.Debug|Any CPU.Build.0 = Debug|Any CPU
		{17D26582-6DE0-41E9-BD15-11C858F0BE48}.Debug|x64.ActiveCfg = Debug|Any CPU
		{17D26582-6DE0-41E9-BD15-11C858F0BE48}.Debug|x64.Build.0 = Debug|Any CPU
		{17D26582-6DE0-41E9-BD15-11C858F0BE48}.Debug|x86.ActiveCfg = Debug|Any CPU
		{17D26582-6DE0-41E9-BD15-11C858F0BE48}.Debug|x86.Build.0 = Debug|Any CPU
		{17D26582-6DE0-41E9-BD15-11C858F0BE48}.Release|Any CPU.ActiveCfg = Release|Any CPU
		{17D26582-6DE0-41E9-BD15-11C858F0BE48}.Release|Any CPU.Build.0 = Release|Any CPU
		{17D26582-6DE0-41E9-BD15-11C858F0BE48}.Release|x64.ActiveCfg = Release|Any CPU
		{17D26582-6DE0-41E9-BD15-11C858F0BE48}.Release|x64.Build.0 = Release|Any CPU
		{17D26582-6DE0-41E9-BD15-11C858F0BE48}.Release|x86.ActiveCfg = Release|Any CPU
		{17D26582-6DE0-41E9-BD15-11C858F0BE48}.Release|x86.Build.0 = Release|Any CPU
		{9F1A6A7F-FA60-4554-B180-88379097195B}.Debug|Any CPU.ActiveCfg = Debug|Any CPU
		{9F1A6A7F-FA60-4554-B180-88379097195B}.Debug|Any CPU.Build.0 = Debug|Any CPU
		{9F1A6A7F-FA60-4554-B180-88379097195B}.Debug|x64.ActiveCfg = Debug|Any CPU
		{9F1A6A7F-FA60-4554-B180-88379097195B}.Debug|x64.Build.0 = Debug|Any CPU
		{9F1A6A7F-FA60-4554-B180-88379097195B}.Debug|x86.ActiveCfg = Debug|Any CPU
		{9F1A6A7F-FA60-4554-B180-88379097195B}.Debug|x86.Build.0 = Debug|Any CPU
		{9F1A6A7F-FA60-4554-B180-88379097195B}.Release|Any CPU.ActiveCfg = Release|Any CPU
		{9F1A6A7F-FA60-4554-B180-88379097195B}.Release|Any CPU.Build.0 = Release|Any CPU
		{9F1A6A7F-FA60-4554-B180-88379097195B}.Release|x64.ActiveCfg = Release|Any CPU
		{9F1A6A7F-FA60-4554-B180-88379097195B}.Release|x64.Build.0 = Release|Any CPU
		{9F1A6A7F-FA60-4554-B180-88379097195B}.Release|x86.ActiveCfg = Release|Any CPU
		{9F1A6A7F-FA60-4554-B180-88379097195B}.Release|x86.Build.0 = Release|Any CPU
		{69B398BC-A4CB-413C-8FCA-4EB5C01EDB69}.Debug|Any CPU.ActiveCfg = Debug|Any CPU
		{69B398BC-A4CB-413C-8FCA-4EB5C01EDB69}.Debug|Any CPU.Build.0 = Debug|Any CPU
		{69B398BC-A4CB-413C-8FCA-4EB5C01EDB69}.Debug|x64.ActiveCfg = Debug|Any CPU
		{69B398BC-A4CB-413C-8FCA-4EB5C01EDB69}.Debug|x64.Build.0 = Debug|Any CPU
		{69B398BC-A4CB-413C-8FCA-4EB5C01EDB69}.Debug|x86.ActiveCfg = Debug|Any CPU
		{69B398BC-A4CB-413C-8FCA-4EB5C01EDB69}.Debug|x86.Build.0 = Debug|Any CPU
		{69B398BC-A4CB-413C-8FCA-4EB5C01EDB69}.Release|Any CPU.ActiveCfg = Release|Any CPU
		{69B398BC-A4CB-413C-8FCA-4EB5C01EDB69}.Release|Any CPU.Build.0 = Release|Any CPU
		{69B398BC-A4CB-413C-8FCA-4EB5C01EDB69}.Release|x64.ActiveCfg = Release|Any CPU
		{69B398BC-A4CB-413C-8FCA-4EB5C01EDB69}.Release|x64.Build.0 = Release|Any CPU
		{69B398BC-A4CB-413C-8FCA-4EB5C01EDB69}.Release|x86.ActiveCfg = Release|Any CPU
		{69B398BC-A4CB-413C-8FCA-4EB5C01EDB69}.Release|x86.Build.0 = Release|Any CPU
		{93AC03D9-D530-43D5-AAED-6368E6543819}.Debug|Any CPU.ActiveCfg = Debug|Any CPU
		{93AC03D9-D530-43D5-AAED-6368E6543819}.Debug|Any CPU.Build.0 = Debug|Any CPU
		{93AC03D9-D530-43D5-AAED-6368E6543819}.Debug|x64.ActiveCfg = Debug|Any CPU
		{93AC03D9-D530-43D5-AAED-6368E6543819}.Debug|x64.Build.0 = Debug|Any CPU
		{93AC03D9-D530-43D5-AAED-6368E6543819}.Debug|x86.ActiveCfg = Debug|Any CPU
		{93AC03D9-D530-43D5-AAED-6368E6543819}.Debug|x86.Build.0 = Debug|Any CPU
		{93AC03D9-D530-43D5-AAED-6368E6543819}.Release|Any CPU.ActiveCfg = Release|Any CPU
		{93AC03D9-D530-43D5-AAED-6368E6543819}.Release|Any CPU.Build.0 = Release|Any CPU
		{93AC03D9-D530-43D5-AAED-6368E6543819}.Release|x64.ActiveCfg = Release|Any CPU
		{93AC03D9-D530-43D5-AAED-6368E6543819}.Release|x64.Build.0 = Release|Any CPU
		{93AC03D9-D530-43D5-AAED-6368E6543819}.Release|x86.ActiveCfg = Release|Any CPU
		{93AC03D9-D530-43D5-AAED-6368E6543819}.Release|x86.Build.0 = Release|Any CPU
		{4CA44AD4-8DA8-4AB8-933B-2C11F2BE0848}.Debug|Any CPU.ActiveCfg = Debug|Any CPU
		{4CA44AD4-8DA8-4AB8-933B-2C11F2BE0848}.Debug|Any CPU.Build.0 = Debug|Any CPU
		{4CA44AD4-8DA8-4AB8-933B-2C11F2BE0848}.Debug|x64.ActiveCfg = Debug|Any CPU
		{4CA44AD4-8DA8-4AB8-933B-2C11F2BE0848}.Debug|x64.Build.0 = Debug|Any CPU
		{4CA44AD4-8DA8-4AB8-933B-2C11F2BE0848}.Debug|x86.ActiveCfg = Debug|Any CPU
		{4CA44AD4-8DA8-4AB8-933B-2C11F2BE0848}.Debug|x86.Build.0 = Debug|Any CPU
		{4CA44AD4-8DA8-4AB8-933B-2C11F2BE0848}.Release|Any CPU.ActiveCfg = Release|Any CPU
		{4CA44AD4-8DA8-4AB8-933B-2C11F2BE0848}.Release|Any CPU.Build.0 = Release|Any CPU
		{4CA44AD4-8DA8-4AB8-933B-2C11F2BE0848}.Release|x64.ActiveCfg = Release|Any CPU
		{4CA44AD4-8DA8-4AB8-933B-2C11F2BE0848}.Release|x64.Build.0 = Release|Any CPU
		{4CA44AD4-8DA8-4AB8-933B-2C11F2BE0848}.Release|x86.ActiveCfg = Release|Any CPU
		{4CA44AD4-8DA8-4AB8-933B-2C11F2BE0848}.Release|x86.Build.0 = Release|Any CPU
		{4FF07A90-0C5F-4EBD-8D9A-7433AFD8725C}.Debug|Any CPU.ActiveCfg = Debug|Any CPU
		{4FF07A90-0C5F-4EBD-8D9A-7433AFD8725C}.Debug|Any CPU.Build.0 = Debug|Any CPU
		{4FF07A90-0C5F-4EBD-8D9A-7433AFD8725C}.Debug|x64.ActiveCfg = Debug|Any CPU
		{4FF07A90-0C5F-4EBD-8D9A-7433AFD8725C}.Debug|x64.Build.0 = Debug|Any CPU
		{4FF07A90-0C5F-4EBD-8D9A-7433AFD8725C}.Debug|x86.ActiveCfg = Debug|Any CPU
		{4FF07A90-0C5F-4EBD-8D9A-7433AFD8725C}.Debug|x86.Build.0 = Debug|Any CPU
		{4FF07A90-0C5F-4EBD-8D9A-7433AFD8725C}.Release|Any CPU.ActiveCfg = Release|Any CPU
		{4FF07A90-0C5F-4EBD-8D9A-7433AFD8725C}.Release|Any CPU.Build.0 = Release|Any CPU
		{4FF07A90-0C5F-4EBD-8D9A-7433AFD8725C}.Release|x64.ActiveCfg = Release|Any CPU
		{4FF07A90-0C5F-4EBD-8D9A-7433AFD8725C}.Release|x64.Build.0 = Release|Any CPU
		{4FF07A90-0C5F-4EBD-8D9A-7433AFD8725C}.Release|x86.ActiveCfg = Release|Any CPU
		{4FF07A90-0C5F-4EBD-8D9A-7433AFD8725C}.Release|x86.Build.0 = Release|Any CPU
		{70246469-C4BE-447A-951C-9A6C4177C376}.Debug|Any CPU.ActiveCfg = Debug|Any CPU
		{70246469-C4BE-447A-951C-9A6C4177C376}.Debug|Any CPU.Build.0 = Debug|Any CPU
		{70246469-C4BE-447A-951C-9A6C4177C376}.Debug|x64.ActiveCfg = Debug|Any CPU
		{70246469-C4BE-447A-951C-9A6C4177C376}.Debug|x64.Build.0 = Debug|Any CPU
		{70246469-C4BE-447A-951C-9A6C4177C376}.Debug|x86.ActiveCfg = Debug|Any CPU
		{70246469-C4BE-447A-951C-9A6C4177C376}.Debug|x86.Build.0 = Debug|Any CPU
		{70246469-C4BE-447A-951C-9A6C4177C376}.Release|Any CPU.ActiveCfg = Release|Any CPU
		{70246469-C4BE-447A-951C-9A6C4177C376}.Release|Any CPU.Build.0 = Release|Any CPU
		{70246469-C4BE-447A-951C-9A6C4177C376}.Release|x64.ActiveCfg = Release|Any CPU
		{70246469-C4BE-447A-951C-9A6C4177C376}.Release|x64.Build.0 = Release|Any CPU
		{70246469-C4BE-447A-951C-9A6C4177C376}.Release|x86.ActiveCfg = Release|Any CPU
		{70246469-C4BE-447A-951C-9A6C4177C376}.Release|x86.Build.0 = Release|Any CPU
		{01C8FC27-BC63-4B1B-BBCA-04AAB803EFC4}.Debug|Any CPU.ActiveCfg = Debug|Any CPU
		{01C8FC27-BC63-4B1B-BBCA-04AAB803EFC4}.Debug|Any CPU.Build.0 = Debug|Any CPU
		{01C8FC27-BC63-4B1B-BBCA-04AAB803EFC4}.Debug|x64.ActiveCfg = Debug|Any CPU
		{01C8FC27-BC63-4B1B-BBCA-04AAB803EFC4}.Debug|x64.Build.0 = Debug|Any CPU
		{01C8FC27-BC63-4B1B-BBCA-04AAB803EFC4}.Debug|x86.ActiveCfg = Debug|Any CPU
		{01C8FC27-BC63-4B1B-BBCA-04AAB803EFC4}.Debug|x86.Build.0 = Debug|Any CPU
		{01C8FC27-BC63-4B1B-BBCA-04AAB803EFC4}.Release|Any CPU.ActiveCfg = Release|Any CPU
		{01C8FC27-BC63-4B1B-BBCA-04AAB803EFC4}.Release|Any CPU.Build.0 = Release|Any CPU
		{01C8FC27-BC63-4B1B-BBCA-04AAB803EFC4}.Release|x64.ActiveCfg = Release|Any CPU
		{01C8FC27-BC63-4B1B-BBCA-04AAB803EFC4}.Release|x64.Build.0 = Release|Any CPU
		{01C8FC27-BC63-4B1B-BBCA-04AAB803EFC4}.Release|x86.ActiveCfg = Release|Any CPU
		{01C8FC27-BC63-4B1B-BBCA-04AAB803EFC4}.Release|x86.Build.0 = Release|Any CPU
		{D7FF0D5D-067C-4A65-9363-02F617CCA910}.Debug|Any CPU.ActiveCfg = Debug|Any CPU
		{D7FF0D5D-067C-4A65-9363-02F617CCA910}.Debug|Any CPU.Build.0 = Debug|Any CPU
		{D7FF0D5D-067C-4A65-9363-02F617CCA910}.Debug|x64.ActiveCfg = Debug|Any CPU
		{D7FF0D5D-067C-4A65-9363-02F617CCA910}.Debug|x64.Build.0 = Debug|Any CPU
		{D7FF0D5D-067C-4A65-9363-02F617CCA910}.Debug|x86.ActiveCfg = Debug|Any CPU
		{D7FF0D5D-067C-4A65-9363-02F617CCA910}.Debug|x86.Build.0 = Debug|Any CPU
		{D7FF0D5D-067C-4A65-9363-02F617CCA910}.Release|Any CPU.ActiveCfg = Release|Any CPU
		{D7FF0D5D-067C-4A65-9363-02F617CCA910}.Release|Any CPU.Build.0 = Release|Any CPU
		{D7FF0D5D-067C-4A65-9363-02F617CCA910}.Release|x64.ActiveCfg = Release|Any CPU
		{D7FF0D5D-067C-4A65-9363-02F617CCA910}.Release|x64.Build.0 = Release|Any CPU
		{D7FF0D5D-067C-4A65-9363-02F617CCA910}.Release|x86.ActiveCfg = Release|Any CPU
		{D7FF0D5D-067C-4A65-9363-02F617CCA910}.Release|x86.Build.0 = Release|Any CPU
		{94324871-830F-49E2-8E2A-A8FDBB62C9A0}.Debug|Any CPU.ActiveCfg = Debug|Any CPU
		{94324871-830F-49E2-8E2A-A8FDBB62C9A0}.Debug|Any CPU.Build.0 = Debug|Any CPU
		{94324871-830F-49E2-8E2A-A8FDBB62C9A0}.Debug|x64.ActiveCfg = Debug|Any CPU
		{94324871-830F-49E2-8E2A-A8FDBB62C9A0}.Debug|x64.Build.0 = Debug|Any CPU
		{94324871-830F-49E2-8E2A-A8FDBB62C9A0}.Debug|x86.ActiveCfg = Debug|Any CPU
		{94324871-830F-49E2-8E2A-A8FDBB62C9A0}.Debug|x86.Build.0 = Debug|Any CPU
		{94324871-830F-49E2-8E2A-A8FDBB62C9A0}.Release|Any CPU.ActiveCfg = Release|Any CPU
		{94324871-830F-49E2-8E2A-A8FDBB62C9A0}.Release|Any CPU.Build.0 = Release|Any CPU
		{94324871-830F-49E2-8E2A-A8FDBB62C9A0}.Release|x64.ActiveCfg = Release|Any CPU
		{94324871-830F-49E2-8E2A-A8FDBB62C9A0}.Release|x64.Build.0 = Release|Any CPU
		{94324871-830F-49E2-8E2A-A8FDBB62C9A0}.Release|x86.ActiveCfg = Release|Any CPU
		{94324871-830F-49E2-8E2A-A8FDBB62C9A0}.Release|x86.Build.0 = Release|Any CPU
		{612EC9DC-9BEA-431E-B5AD-C9E9786FE230}.Debug|Any CPU.ActiveCfg = Debug|Any CPU
		{612EC9DC-9BEA-431E-B5AD-C9E9786FE230}.Debug|Any CPU.Build.0 = Debug|Any CPU
		{612EC9DC-9BEA-431E-B5AD-C9E9786FE230}.Debug|x64.ActiveCfg = Debug|Any CPU
		{612EC9DC-9BEA-431E-B5AD-C9E9786FE230}.Debug|x64.Build.0 = Debug|Any CPU
		{612EC9DC-9BEA-431E-B5AD-C9E9786FE230}.Debug|x86.ActiveCfg = Debug|Any CPU
		{612EC9DC-9BEA-431E-B5AD-C9E9786FE230}.Debug|x86.Build.0 = Debug|Any CPU
		{612EC9DC-9BEA-431E-B5AD-C9E9786FE230}.Release|Any CPU.ActiveCfg = Release|Any CPU
		{612EC9DC-9BEA-431E-B5AD-C9E9786FE230}.Release|Any CPU.Build.0 = Release|Any CPU
		{612EC9DC-9BEA-431E-B5AD-C9E9786FE230}.Release|x64.ActiveCfg = Release|Any CPU
		{612EC9DC-9BEA-431E-B5AD-C9E9786FE230}.Release|x64.Build.0 = Release|Any CPU
		{612EC9DC-9BEA-431E-B5AD-C9E9786FE230}.Release|x86.ActiveCfg = Release|Any CPU
		{612EC9DC-9BEA-431E-B5AD-C9E9786FE230}.Release|x86.Build.0 = Release|Any CPU
		{DC2526CA-03EE-46E2-BB47-7BB74C544542}.Debug|Any CPU.ActiveCfg = Debug|Any CPU
		{DC2526CA-03EE-46E2-BB47-7BB74C544542}.Debug|Any CPU.Build.0 = Debug|Any CPU
		{DC2526CA-03EE-46E2-BB47-7BB74C544542}.Debug|x64.ActiveCfg = Debug|Any CPU
		{DC2526CA-03EE-46E2-BB47-7BB74C544542}.Debug|x64.Build.0 = Debug|Any CPU
		{DC2526CA-03EE-46E2-BB47-7BB74C544542}.Debug|x86.ActiveCfg = Debug|Any CPU
		{DC2526CA-03EE-46E2-BB47-7BB74C544542}.Debug|x86.Build.0 = Debug|Any CPU
		{DC2526CA-03EE-46E2-BB47-7BB74C544542}.Release|Any CPU.ActiveCfg = Release|Any CPU
		{DC2526CA-03EE-46E2-BB47-7BB74C544542}.Release|Any CPU.Build.0 = Release|Any CPU
		{DC2526CA-03EE-46E2-BB47-7BB74C544542}.Release|x64.ActiveCfg = Release|Any CPU
		{DC2526CA-03EE-46E2-BB47-7BB74C544542}.Release|x64.Build.0 = Release|Any CPU
		{DC2526CA-03EE-46E2-BB47-7BB74C544542}.Release|x86.ActiveCfg = Release|Any CPU
		{DC2526CA-03EE-46E2-BB47-7BB74C544542}.Release|x86.Build.0 = Release|Any CPU
		{349EAD08-BEF7-41B0-B74A-1103EC89D23B}.Debug|Any CPU.ActiveCfg = Debug|Any CPU
		{349EAD08-BEF7-41B0-B74A-1103EC89D23B}.Debug|Any CPU.Build.0 = Debug|Any CPU
		{349EAD08-BEF7-41B0-B74A-1103EC89D23B}.Debug|x64.ActiveCfg = Debug|Any CPU
		{349EAD08-BEF7-41B0-B74A-1103EC89D23B}.Debug|x64.Build.0 = Debug|Any CPU
		{349EAD08-BEF7-41B0-B74A-1103EC89D23B}.Debug|x86.ActiveCfg = Debug|Any CPU
		{349EAD08-BEF7-41B0-B74A-1103EC89D23B}.Debug|x86.Build.0 = Debug|Any CPU
		{349EAD08-BEF7-41B0-B74A-1103EC89D23B}.Release|Any CPU.ActiveCfg = Release|Any CPU
		{349EAD08-BEF7-41B0-B74A-1103EC89D23B}.Release|Any CPU.Build.0 = Release|Any CPU
		{349EAD08-BEF7-41B0-B74A-1103EC89D23B}.Release|x64.ActiveCfg = Release|Any CPU
		{349EAD08-BEF7-41B0-B74A-1103EC89D23B}.Release|x64.Build.0 = Release|Any CPU
		{349EAD08-BEF7-41B0-B74A-1103EC89D23B}.Release|x86.ActiveCfg = Release|Any CPU
		{349EAD08-BEF7-41B0-B74A-1103EC89D23B}.Release|x86.Build.0 = Release|Any CPU
		{A1CA4AB8-C264-4EF9-8B1A-77E21116BADB}.Debug|Any CPU.ActiveCfg = Debug|Any CPU
		{A1CA4AB8-C264-4EF9-8B1A-77E21116BADB}.Debug|Any CPU.Build.0 = Debug|Any CPU
		{A1CA4AB8-C264-4EF9-8B1A-77E21116BADB}.Debug|x64.ActiveCfg = Debug|Any CPU
		{A1CA4AB8-C264-4EF9-8B1A-77E21116BADB}.Debug|x64.Build.0 = Debug|Any CPU
		{A1CA4AB8-C264-4EF9-8B1A-77E21116BADB}.Debug|x86.ActiveCfg = Debug|Any CPU
		{A1CA4AB8-C264-4EF9-8B1A-77E21116BADB}.Debug|x86.Build.0 = Debug|Any CPU
		{A1CA4AB8-C264-4EF9-8B1A-77E21116BADB}.Release|Any CPU.ActiveCfg = Release|Any CPU
		{A1CA4AB8-C264-4EF9-8B1A-77E21116BADB}.Release|Any CPU.Build.0 = Release|Any CPU
		{A1CA4AB8-C264-4EF9-8B1A-77E21116BADB}.Release|x64.ActiveCfg = Release|Any CPU
		{A1CA4AB8-C264-4EF9-8B1A-77E21116BADB}.Release|x64.Build.0 = Release|Any CPU
		{A1CA4AB8-C264-4EF9-8B1A-77E21116BADB}.Release|x86.ActiveCfg = Release|Any CPU
		{A1CA4AB8-C264-4EF9-8B1A-77E21116BADB}.Release|x86.Build.0 = Release|Any CPU
		{4D7478CA-826E-4ABD-93BF-1A0990504653}.Debug|Any CPU.ActiveCfg = Debug|Any CPU
		{4D7478CA-826E-4ABD-93BF-1A0990504653}.Debug|Any CPU.Build.0 = Debug|Any CPU
		{4D7478CA-826E-4ABD-93BF-1A0990504653}.Debug|x64.ActiveCfg = Debug|Any CPU
		{4D7478CA-826E-4ABD-93BF-1A0990504653}.Debug|x64.Build.0 = Debug|Any CPU
		{4D7478CA-826E-4ABD-93BF-1A0990504653}.Debug|x86.ActiveCfg = Debug|Any CPU
		{4D7478CA-826E-4ABD-93BF-1A0990504653}.Debug|x86.Build.0 = Debug|Any CPU
		{4D7478CA-826E-4ABD-93BF-1A0990504653}.Release|Any CPU.ActiveCfg = Release|Any CPU
		{4D7478CA-826E-4ABD-93BF-1A0990504653}.Release|Any CPU.Build.0 = Release|Any CPU
		{4D7478CA-826E-4ABD-93BF-1A0990504653}.Release|x64.ActiveCfg = Release|Any CPU
		{4D7478CA-826E-4ABD-93BF-1A0990504653}.Release|x64.Build.0 = Release|Any CPU
		{4D7478CA-826E-4ABD-93BF-1A0990504653}.Release|x86.ActiveCfg = Release|Any CPU
		{4D7478CA-826E-4ABD-93BF-1A0990504653}.Release|x86.Build.0 = Release|Any CPU
		{4A821001-4D5B-425A-9C5E-4E1F58F4F17E}.Debug|Any CPU.ActiveCfg = Debug|Any CPU
		{4A821001-4D5B-425A-9C5E-4E1F58F4F17E}.Debug|Any CPU.Build.0 = Debug|Any CPU
		{4A821001-4D5B-425A-9C5E-4E1F58F4F17E}.Debug|x64.ActiveCfg = Debug|Any CPU
		{4A821001-4D5B-425A-9C5E-4E1F58F4F17E}.Debug|x64.Build.0 = Debug|Any CPU
		{4A821001-4D5B-425A-9C5E-4E1F58F4F17E}.Debug|x86.ActiveCfg = Debug|Any CPU
		{4A821001-4D5B-425A-9C5E-4E1F58F4F17E}.Debug|x86.Build.0 = Debug|Any CPU
		{4A821001-4D5B-425A-9C5E-4E1F58F4F17E}.Release|Any CPU.ActiveCfg = Release|Any CPU
		{4A821001-4D5B-425A-9C5E-4E1F58F4F17E}.Release|Any CPU.Build.0 = Release|Any CPU
		{4A821001-4D5B-425A-9C5E-4E1F58F4F17E}.Release|x64.ActiveCfg = Release|Any CPU
		{4A821001-4D5B-425A-9C5E-4E1F58F4F17E}.Release|x64.Build.0 = Release|Any CPU
		{4A821001-4D5B-425A-9C5E-4E1F58F4F17E}.Release|x86.ActiveCfg = Release|Any CPU
		{4A821001-4D5B-425A-9C5E-4E1F58F4F17E}.Release|x86.Build.0 = Release|Any CPU
		{50ECC1B5-3399-4BC9-8252-4781A02524A7}.Debug|Any CPU.ActiveCfg = Debug|Any CPU
		{50ECC1B5-3399-4BC9-8252-4781A02524A7}.Debug|Any CPU.Build.0 = Debug|Any CPU
		{50ECC1B5-3399-4BC9-8252-4781A02524A7}.Debug|x64.ActiveCfg = Debug|Any CPU
		{50ECC1B5-3399-4BC9-8252-4781A02524A7}.Debug|x64.Build.0 = Debug|Any CPU
		{50ECC1B5-3399-4BC9-8252-4781A02524A7}.Debug|x86.ActiveCfg = Debug|Any CPU
		{50ECC1B5-3399-4BC9-8252-4781A02524A7}.Debug|x86.Build.0 = Debug|Any CPU
		{50ECC1B5-3399-4BC9-8252-4781A02524A7}.Release|Any CPU.ActiveCfg = Release|Any CPU
		{50ECC1B5-3399-4BC9-8252-4781A02524A7}.Release|Any CPU.Build.0 = Release|Any CPU
		{50ECC1B5-3399-4BC9-8252-4781A02524A7}.Release|x64.ActiveCfg = Release|Any CPU
		{50ECC1B5-3399-4BC9-8252-4781A02524A7}.Release|x64.Build.0 = Release|Any CPU
		{50ECC1B5-3399-4BC9-8252-4781A02524A7}.Release|x86.ActiveCfg = Release|Any CPU
		{50ECC1B5-3399-4BC9-8252-4781A02524A7}.Release|x86.Build.0 = Release|Any CPU
		{A0145F2D-C345-417F-ABA8-385A2AF29B9A}.Debug|Any CPU.ActiveCfg = Debug|Any CPU
		{A0145F2D-C345-417F-ABA8-385A2AF29B9A}.Debug|Any CPU.Build.0 = Debug|Any CPU
		{A0145F2D-C345-417F-ABA8-385A2AF29B9A}.Debug|x64.ActiveCfg = Debug|Any CPU
		{A0145F2D-C345-417F-ABA8-385A2AF29B9A}.Debug|x64.Build.0 = Debug|Any CPU
		{A0145F2D-C345-417F-ABA8-385A2AF29B9A}.Debug|x86.ActiveCfg = Debug|Any CPU
		{A0145F2D-C345-417F-ABA8-385A2AF29B9A}.Debug|x86.Build.0 = Debug|Any CPU
		{A0145F2D-C345-417F-ABA8-385A2AF29B9A}.Release|Any CPU.ActiveCfg = Release|Any CPU
		{A0145F2D-C345-417F-ABA8-385A2AF29B9A}.Release|Any CPU.Build.0 = Release|Any CPU
		{A0145F2D-C345-417F-ABA8-385A2AF29B9A}.Release|x64.ActiveCfg = Release|Any CPU
		{A0145F2D-C345-417F-ABA8-385A2AF29B9A}.Release|x64.Build.0 = Release|Any CPU
		{A0145F2D-C345-417F-ABA8-385A2AF29B9A}.Release|x86.ActiveCfg = Release|Any CPU
		{A0145F2D-C345-417F-ABA8-385A2AF29B9A}.Release|x86.Build.0 = Release|Any CPU
	EndGlobalSection
	GlobalSection(SolutionProperties) = preSolution
		HideSolutionNode = FALSE
	EndGlobalSection
	GlobalSection(NestedProjects) = preSolution
		{90298CBA-BD6F-3A0A-69D5-97CAD7B05E7E} = {827E0CD3-B72D-47B6-A68D-7590B98EB39B}
		{0A9D8D76-7FB0-45CF-B36E-41BCFFD8AD29} = {90298CBA-BD6F-3A0A-69D5-97CAD7B05E7E}
		{3E26B320-C886-4C4C-BE28-028C544BCC6F} = {90298CBA-BD6F-3A0A-69D5-97CAD7B05E7E}
		{EC447DCF-ABFA-6E24-52A5-D7FD48A5C558} = {827E0CD3-B72D-47B6-A68D-7590B98EB39B}
		{1E1EF545-4C18-AEE2-B997-7EF431518D3F} = {EC447DCF-ABFA-6E24-52A5-D7FD48A5C558}
		{94BC93EA-A694-470F-A731-ADAC65DCDF44} = {1E1EF545-4C18-AEE2-B997-7EF431518D3F}
		{112D9817-57E8-4FA9-8C64-E841657715E3} = {1E1EF545-4C18-AEE2-B997-7EF431518D3F}
		{9B827497-1624-4280-882A-5CA0CAF1D580} = {1E1EF545-4C18-AEE2-B997-7EF431518D3F}
		{8798424A-FF07-48D4-B3DB-2A3DE2A7E1DB} = {0AB3BF05-4346-4AA6-1389-037BE0695223}
		{CF3EB053-856E-4188-96CA-5BBEA2973F37} = {0AB3BF05-4346-4AA6-1389-037BE0695223}
		{D6DF2E0E-D53E-4C8E-9F0C-51879221457E} = {0AB3BF05-4346-4AA6-1389-037BE0695223}
		{60E86E71-C0FB-EB8C-7761-71EDD8B40B3C} = {EC447DCF-ABFA-6E24-52A5-D7FD48A5C558}
		{CC94C055-4A23-4828-9667-D007703A5627} = {60E86E71-C0FB-EB8C-7761-71EDD8B40B3C}
		{48BBE340-193E-4BE9-9192-E5E822448F76} = {60E86E71-C0FB-EB8C-7761-71EDD8B40B3C}
		{195B6083-B1F9-4A5F-9D0C-AEC6395F766D} = {0AB3BF05-4346-4AA6-1389-037BE0695223}
		{79242035-F230-480D-8100-468A4D8EE899} = {90298CBA-BD6F-3A0A-69D5-97CAD7B05E7E}
		{17D26582-6DE0-41E9-BD15-11C858F0BE48} = {60E86E71-C0FB-EB8C-7761-71EDD8B40B3C}
		{981C2CF6-E5BB-602A-511C-234B538302B0} = {827E0CD3-B72D-47B6-A68D-7590B98EB39B}
		{9F1A6A7F-FA60-4554-B180-88379097195B} = {981C2CF6-E5BB-602A-511C-234B538302B0}
		{69B398BC-A4CB-413C-8FCA-4EB5C01EDB69} = {0AB3BF05-4346-4AA6-1389-037BE0695223}
		{93AC03D9-D530-43D5-AAED-6368E6543819} = {0AB3BF05-4346-4AA6-1389-037BE0695223}
		{C5241A24-856D-B6AE-A4C6-237D5DE9D9E8} = {EC447DCF-ABFA-6E24-52A5-D7FD48A5C558}
		{4CA44AD4-8DA8-4AB8-933B-2C11F2BE0848} = {C5241A24-856D-B6AE-A4C6-237D5DE9D9E8}
		{4FF07A90-0C5F-4EBD-8D9A-7433AFD8725C} = {C5241A24-856D-B6AE-A4C6-237D5DE9D9E8}
		{70246469-C4BE-447A-951C-9A6C4177C376} = {0AB3BF05-4346-4AA6-1389-037BE0695223}
		{01C8FC27-BC63-4B1B-BBCA-04AAB803EFC4} = {0AB3BF05-4346-4AA6-1389-037BE0695223}
		{D7FF0D5D-067C-4A65-9363-02F617CCA910} = {0AB3BF05-4346-4AA6-1389-037BE0695223}
		{94324871-830F-49E2-8E2A-A8FDBB62C9A0} = {0AB3BF05-4346-4AA6-1389-037BE0695223}
		{612EC9DC-9BEA-431E-B5AD-C9E9786FE230} = {C5241A24-856D-B6AE-A4C6-237D5DE9D9E8}
		{DC2526CA-03EE-46E2-BB47-7BB74C544542} = {0AB3BF05-4346-4AA6-1389-037BE0695223}
		{45D4843E-D65D-046D-A47C-6FD9A62F431A} = {EC447DCF-ABFA-6E24-52A5-D7FD48A5C558}
		{349EAD08-BEF7-41B0-B74A-1103EC89D23B} = {45D4843E-D65D-046D-A47C-6FD9A62F431A}
		{A1CA4AB8-C264-4EF9-8B1A-77E21116BADB} = {45D4843E-D65D-046D-A47C-6FD9A62F431A}
		{4D7478CA-826E-4ABD-93BF-1A0990504653} = {45D4843E-D65D-046D-A47C-6FD9A62F431A}
		{4A821001-4D5B-425A-9C5E-4E1F58F4F17E} = {0AB3BF05-4346-4AA6-1389-037BE0695223}
		{DCB6FCB8-FF92-AC57-0842-1F72A354D6B1} = {827E0CD3-B72D-47B6-A68D-7590B98EB39B}
		{50ECC1B5-3399-4BC9-8252-4781A02524A7} = {DCB6FCB8-FF92-AC57-0842-1F72A354D6B1}
		{A0145F2D-C345-417F-ABA8-385A2AF29B9A} = {0AB3BF05-4346-4AA6-1389-037BE0695223}
	EndGlobalSection
EndGlobal
