
Microsoft Visual Studio Solution File, Format Version 12.00
Project("{2150E333-8FDC-42A3-9474-1A3956D46DE8}") = "src", "src", "{827E0CD3-B72D-47B6-A68D-7590B98EB39B}"
EndProject
Project("{2150E333-8FDC-42A3-9474-1A3956D46DE8}") = "BuildingBlocks", "BuildingBlocks", "{90298CBA-BD6F-3A0A-69D5-97CAD7B05E7E}"
EndProject
Project("{FAE04EC0-301F-11D3-BF4B-00C04F79EFBC}") = "CoreRentalNet.BuildingBlocks.Application", "src\BuildingBlocks\CoreRentalNet.BuildingBlocks.Application\CoreRentalNet.BuildingBlocks.Application.csproj", "{0A9D8D76-7FB0-45CF-B36E-41BCFFD8AD29}"
EndProject
Project("{FAE04EC0-301F-11D3-BF4B-00C04F79EFBC}") = "CoreRentalNet.BuildingBlocks.Domain", "src\BuildingBlocks\CoreRentalNet.BuildingBlocks.Domain\CoreRentalNet.BuildingBlocks.Domain.csproj", "{3E26B320-C886-4C4C-BE28-028C544BCC6F}"
EndProject
Project("{2150E333-8FDC-42A3-9474-1A3956D46DE8}") = "Modules", "Modules", "{EC447DCF-ABFA-6E24-52A5-D7FD48A5C558}"
EndProject
Project("{2150E333-8FDC-42A3-9474-1A3956D46DE8}") = "Catalog", "Catalog", "{1E1EF545-4C18-AEE2-B997-7EF431518D3F}"
EndProject
Project("{FAE04EC0-301F-11D3-BF4B-00C04F79EFBC}") = "CoreRentalNet.Modules.Catalog.Application", "src\Modules\Catalog\CoreRentalNet.Modules.Catalog.Application\CoreRentalNet.Modules.Catalog.Application.csproj", "{94BC93EA-A694-470F-A731-ADAC65DCDF44}"
EndProject
Project("{FAE04EC0-301F-11D3-BF4B-00C04F79EFBC}") = "CoreRentalNet.Modules.Catalog.Domain", "src\Modules\Catalog\CoreRentalNet.Modules.Catalog.Domain\CoreRentalNet.Modules.Catalog.Domain.csproj", "{112D9817-57E8-4FA9-8C64-E841657715E3}"
EndProject
Project("{FAE04EC0-301F-11D3-BF4B-00C04F79EFBC}") = "CoreRentalNet.Modules.Catalog.Infrastructure", "src\Modules\Catalog\CoreRentalNet.Modules.Catalog.Infrastructure\CoreRentalNet.Modules.Catalog.Infrastructure.csproj", "{9B827497-1624-4280-882A-5CA0CAF1D580}"
EndProject
Project("{2150E333-8FDC-42A3-9474-1A3956D46DE8}") = "tests", "tests", "{0AB3BF05-4346-4AA6-1389-037BE0695223}"
EndProject
Project("{FAE04EC0-301F-11D3-BF4B-00C04F79EFBC}") = "CoreRentalNet.ArchitectureTests", "tests\CoreRentalNet.ArchitectureTests\CoreRentalNet.ArchitectureTests.csproj", "{8798424A-FF07-48D4-B3DB-2A3DE2A7E1DB}"
EndProject
Project("{FAE04EC0-301F-11D3-BF4B-00C04F79EFBC}") = "CoreRentalNet.IntegrationTests", "tests\CoreRentalNet.IntegrationTests\CoreRentalNet.IntegrationTests.csproj", "{CF3EB053-856E-4188-96CA-5BBEA2973F37}"
EndProject
Project("{FAE04EC0-301F-11D3-BF4B-00C04F79EFBC}") = "CoreRentalNet.Modules.Catalog.UnitTests", "tests\CoreRentalNet.Modules.Catalog.UnitTests\CoreRentalNet.Modules.Catalog.UnitTests.csproj", "{D6DF2E0E-D53E-4C8E-9F0C-51879221457E}"
EndProject
Global
	GlobalSection(SolutionConfigurationPlatforms) = preSolution
		Debug|Any CPU = Debug|Any CPU
		Debug|x64 = Debug|x64
		Debug|x86 = Debug|x86
		Release|Any CPU = Release|Any CPU
		Release|x64 = Release|x64
		Release|x86 = Release|x86
	EndGlobalSection
	GlobalSection(ProjectConfigurationPlatforms) = postSolution
		{0A9D8D76-7FB0-45CF-B36E-41BCFFD8AD29}.Debug|Any CPU.ActiveCfg = Debug|Any CPU
		{0A9D8D76-7FB0-45CF-B36E-41BCFFD8AD29}.Debug|Any CPU.Build.0 = Debug|Any CPU
		{0A9D8D76-7FB0-45CF-B36E-41BCFFD8AD29}.Debug|x64.ActiveCfg = Debug|Any CPU
		{0A9D8D76-7FB0-45CF-B36E-41BCFFD8AD29}.Debug|x64.Build.0 = Debug|Any CPU
		{0A9D8D76-7FB0-45CF-B36E-41BCFFD8AD29}.Debug|x86.ActiveCfg = Debug|Any CPU
		{0A9D8D76-7FB0-45CF-B36E-41BCFFD8AD29}.Debug|x86.Build.0 = Debug|Any CPU
		{0A9D8D76-7FB0-45CF-B36E-41BCFFD8AD29}.Release|Any CPU.ActiveCfg = Release|Any CPU
		{0A9D8D76-7FB0-45CF-B36E-41BCFFD8AD29}.Release|Any CPU.Build.0 = Release|Any CPU
		{0A9D8D76-7FB0-45CF-B36E-41BCFFD8AD29}.Release|x64.ActiveCfg = Release|Any CPU
		{0A9D8D76-7FB0-45CF-B36E-41BCFFD8AD29}.Release|x64.Build.0 = Release|Any CPU
		{0A9D8D76-7FB0-45CF-B36E-41BCFFD8AD29}.Release|x86.ActiveCfg = Release|Any CPU
		{0A9D8D76-7FB0-45CF-B36E-41BCFFD8AD29}.Release|x86.Build.0 = Release|Any CPU
		{3E26B320-C886-4C4C-BE28-028C544BCC6F}.Debug|Any CPU.ActiveCfg = Debug|Any CPU
		{3E26B320-C886-4C4C-BE28-028C544BCC6F}.Debug|Any CPU.Build.0 = Debug|Any CPU
		{3E26B320-C886-4C4C-BE28-028C544BCC6F}.Debug|x64.ActiveCfg = Debug|Any CPU
		{3E26B320-C886-4C4C-BE28-028C544BCC6F}.Debug|x64.Build.0 = Debug|Any CPU
		{3E26B320-C886-4C4C-BE28-028C544BCC6F}.Debug|x86.ActiveCfg = Debug|Any CPU
		{3E26B320-C886-4C4C-BE28-028C544BCC6F}.Debug|x86.Build.0 = Debug|Any CPU
		{3E26B320-C886-4C4C-BE28-028C544BCC6F}.Release|Any CPU.ActiveCfg = Release|Any CPU
		{3E26B320-C886-4C4C-BE28-028C544BCC6F}.Release|Any CPU.Build.0 = Release|Any CPU
		{3E26B320-C886-4C4C-BE28-028C544BCC6F}.Release|x64.ActiveCfg = Release|Any CPU
		{3E26B320-C886-4C4C-BE28-028C544BCC6F}.Release|x64.Build.0 = Release|Any CPU
		{3E26B320-C886-4C4C-BE28-028C544BCC6F}.Release|x86.ActiveCfg = Release|Any CPU
		{3E26B320-C886-4C4C-BE28-028C544BCC6F}.Release|x86.Build.0 = Release|Any CPU
		{94BC93EA-A694-470F-A731-ADAC65DCDF44}.Debug|Any CPU.ActiveCfg = Debug|Any CPU
		{94BC93EA-A694-470F-A731-ADAC65DCDF44}.Debug|Any CPU.Build.0 = Debug|Any CPU
		{94BC93EA-A694-470F-A731-ADAC65DCDF44}.Debug|x64.ActiveCfg = Debug|Any CPU
		{94BC93EA-A694-470F-A731-ADAC65DCDF44}.Debug|x64.Build.0 = Debug|Any CPU
		{94BC93EA-A694-470F-A731-ADAC65DCDF44}.Debug|x86.ActiveCfg = Debug|Any CPU
		{94BC93EA-A694-470F-A731-ADAC65DCDF44}.Debug|x86.Build.0 = Debug|Any CPU
		{94BC93EA-A694-470F-A731-ADAC65DCDF44}.Release|Any CPU.ActiveCfg = Release|Any CPU
		{94BC93EA-A694-470F-A731-ADAC65DCDF44}.Release|Any CPU.Build.0 = Release|Any CPU
		{94BC93EA-A694-470F-A731-ADAC65DCDF44}.Release|x64.ActiveCfg = Release|Any CPU
		{94BC93EA-A694-470F-A731-ADAC65DCDF44}.Release|x64.Build.0 = Release|Any CPU
		{94BC93EA-A694-470F-A731-ADAC65DCDF44}.Release|x86.ActiveCfg = Release|Any CPU
		{94BC93EA-A694-470F-A731-ADAC65DCDF44}.Release|x86.Build.0 = Release|Any CPU
		{112D9817-57E8-4FA9-8C64-E841657715E3}.Debug|Any CPU.ActiveCfg = Debug|Any CPU
		{112D9817-57E8-4FA9-8C64-E841657715E3}.Debug|Any CPU.Build.0 = Debug|Any CPU
		{112D9817-57E8-4FA9-8C64-E841657715E3}.Debug|x64.ActiveCfg = Debug|Any CPU
		{112D9817-57E8-4FA9-8C64-E841657715E3}.Debug|x64.Build.0 = Debug|Any CPU
		{112D9817-57E8-4FA9-8C64-E841657715E3}.Debug|x86.ActiveCfg = Debug|Any CPU
		{112D9817-57E8-4FA9-8C64-E841657715E3}.Debug|x86.Build.0 = Debug|Any CPU
		{112D9817-57E8-4FA9-8C64-E841657715E3}.Release|Any CPU.ActiveCfg = Release|Any CPU
		{112D9817-57E8-4FA9-8C64-E841657715E3}.Release|Any CPU.Build.0 = Release|Any CPU
		{112D9817-57E8-4FA9-8C64-E841657715E3}.Release|x64.ActiveCfg = Release|Any CPU
		{112D9817-57E8-4FA9-8C64-E841657715E3}.Release|x64.Build.0 = Release|Any CPU
		{112D9817-57E8-4FA9-8C64-E841657715E3}.Release|x86.ActiveCfg = Release|Any CPU
		{112D9817-57E8-4FA9-8C64-E841657715E3}.Release|x86.Build.0 = Release|Any CPU
		{9B827497-1624-4280-882A-5CA0CAF1D580}.Debug|Any CPU.ActiveCfg = Debug|Any CPU
		{9B827497-1624-4280-882A-5CA0CAF1D580}.Debug|Any CPU.Build.0 = Debug|Any CPU
		{9B827497-1624-4280-882A-5CA0CAF1D580}.Debug|x64.ActiveCfg = Debug|Any CPU
		{9B827497-1624-4280-882A-5CA0CAF1D580}.Debug|x64.Build.0 = Debug|Any CPU
		{9B827497-1624-4280-882A-5CA0CAF1D580}.Debug|x86.ActiveCfg = Debug|Any CPU
		{9B827497-1624-4280-882A-5CA0CAF1D580}.Debug|x86.Build.0 = Debug|Any CPU
		{9B827497-1624-4280-882A-5CA0CAF1D580}.Release|Any CPU.ActiveCfg = Release|Any CPU
		{9B827497-1624-4280-882A-5CA0CAF1D580}.Release|Any CPU.Build.0 = Release|Any CPU
		{9B827497-1624-4280-882A-5CA0CAF1D580}.Release|x64.ActiveCfg = Release|Any CPU
		{9B827497-1624-4280-882A-5CA0CAF1D580}.Release|x64.Build.0 = Release|Any CPU
		{9B827497-1624-4280-882A-5CA0CAF1D580}.Release|x86.ActiveCfg = Release|Any CPU
		{9B827497-1624-4280-882A-5CA0CAF1D580}.Release|x86.Build.0 = Release|Any CPU
		{8798424A-FF07-48D4-B3DB-2A3DE2A7E1DB}.Debug|Any CPU.ActiveCfg = Debug|Any CPU
		{8798424A-FF07-48D4-B3DB-2A3DE2A7E1DB}.Debug|Any CPU.Build.0 = Debug|Any CPU
		{8798424A-FF07-48D4-B3DB-2A3DE2A7E1DB}.Debug|x64.ActiveCfg = Debug|Any CPU
		{8798424A-FF07-48D4-B3DB-2A3DE2A7E1DB}.Debug|x64.Build.0 = Debug|Any CPU
		{8798424A-FF07-48D4-B3DB-2A3DE2A7E1DB}.Debug|x86.ActiveCfg = Debug|Any CPU
		{8798424A-FF07-48D4-B3DB-2A3DE2A7E1DB}.Debug|x86.Build.0 = Debug|Any CPU
		{8798424A-FF07-48D4-B3DB-2A3DE2A7E1DB}.Release|Any CPU.ActiveCfg = Release|Any CPU
		{8798424A-FF07-48D4-B3DB-2A3DE2A7E1DB}.Release|Any CPU.Build.0 = Release|Any CPU
		{8798424A-FF07-48D4-B3DB-2A3DE2A7E1DB}.Release|x64.ActiveCfg = Release|Any CPU
		{8798424A-FF07-48D4-B3DB-2A3DE2A7E1DB}.Release|x64.Build.0 = Release|Any CPU
		{8798424A-FF07-48D4-B3DB-2A3DE2A7E1DB}.Release|x86.ActiveCfg = Release|Any CPU
		{8798424A-FF07-48D4-B3DB-2A3DE2A7E1DB}.Release|x86.Build.0 = Release|Any CPU
		{CF3EB053-856E-4188-96CA-5BBEA2973F37}.Debug|Any CPU.ActiveCfg = Debug|Any CPU
		{CF3EB053-856E-4188-96CA-5BBEA2973F37}.Debug|Any CPU.Build.0 = Debug|Any CPU
		{CF3EB053-856E-4188-96CA-5BBEA2973F37}.Debug|x64.ActiveCfg = Debug|Any CPU
		{CF3EB053-856E-4188-96CA-5BBEA2973F37}.Debug|x64.Build.0 = Debug|Any CPU
		{CF3EB053-856E-4188-96CA-5BBEA2973F37}.Debug|x86.ActiveCfg = Debug|Any CPU
		{CF3EB053-856E-4188-96CA-5BBEA2973F37}.Debug|x86.Build.0 = Debug|Any CPU
		{CF3EB053-856E-4188-96CA-5BBEA2973F37}.Release|Any CPU.ActiveCfg = Release|Any CPU
		{CF3EB053-856E-4188-96CA-5BBEA2973F37}.Release|Any CPU.Build.0 = Release|Any CPU
		{CF3EB053-856E-4188-96CA-5BBEA2973F37}.Release|x64.ActiveCfg = Release|Any CPU
		{CF3EB053-856E-4188-96CA-5BBEA2973F37}.Release|x64.Build.0 = Release|Any CPU
		{CF3EB053-856E-4188-96CA-5BBEA2973F37}.Release|x86.ActiveCfg = Release|Any CPU
		{CF3EB053-856E-4188-96CA-5BBEA2973F37}.Release|x86.Build.0 = Release|Any CPU
		{D6DF2E0E-D53E-4C8E-9F0C-51879221457E}.Debug|Any CPU.ActiveCfg = Debug|Any CPU
		{D6DF2E0E-D53E-4C8E-9F0C-51879221457E}.Debug|Any CPU.Build.0 = Debug|Any CPU
		{D6DF2E0E-D53E-4C8E-9F0C-51879221457E}.Debug|x64.ActiveCfg = Debug|Any CPU
		{D6DF2E0E-D53E-4C8E-9F0C-51879221457E}.Debug|x64.Build.0 = Debug|Any CPU
		{D6DF2E0E-D53E-4C8E-9F0C-51879221457E}.Debug|x86.ActiveCfg = Debug|Any CPU
		{D6DF2E0E-D53E-4C8E-9F0C-51879221457E}.Debug|x86.Build.0 = Debug|Any CPU
		{D6DF2E0E-D53E-4C8E-9F0C-51879221457E}.Release|Any CPU.ActiveCfg = Release|Any CPU
		{D6DF2E0E-D53E-4C8E-9F0C-51879221457E}.Release|Any CPU.Build.0 = Release|Any CPU
		{D6DF2E0E-D53E-4C8E-9F0C-51879221457E}.Release|x64.ActiveCfg = Release|Any CPU
		{D6DF2E0E-D53E-4C8E-9F0C-51879221457E}.Release|x64.Build.0 = Release|Any CPU
		{D6DF2E0E-D53E-4C8E-9F0C-51879221457E}.Release|x86.ActiveCfg = Release|Any CPU
		{D6DF2E0E-D53E-4C8E-9F0C-51879221457E}.Release|x86.Build.0 = Release|Any CPU
	EndGlobalSection
	GlobalSection(SolutionProperties) = preSolution
		HideSolutionNode = FALSE
	EndGlobalSection
	GlobalSection(NestedProjects) = preSolution
		{90298CBA-BD6F-3A0A-69D5-97CAD7B05E7E} = {827E0CD3-B72D-47B6-A68D-7590B98EB39B}
		{0A9D8D76-7FB0-45CF-B36E-41BCFFD8AD29} = {90298CBA-BD6F-3A0A-69D5-97CAD7B05E7E}
		{3E26B320-C886-4C4C-BE28-028C544BCC6F} = {90298CBA-BD6F-3A0A-69D5-97CAD7B05E7E}
		{EC447DCF-ABFA-6E24-52A5-D7FD48A5C558} = {827E0CD3-B72D-47B6-A68D-7590B98EB39B}
		{1E1EF545-4C18-AEE2-B997-7EF431518D3F} = {EC447DCF-ABFA-6E24-52A5-D7FD48A5C558}
		{94BC93EA-A694-470F-A731-ADAC65DCDF44} = {1E1EF545-4C18-AEE2-B997-7EF431518D3F}
		{112D9817-57E8-4FA9-8C64-E841657715E3} = {1E1EF545-4C18-AEE2-B997-7EF431518D3F}
		{9B827497-1624-4280-882A-5CA0CAF1D580} = {1E1EF545-4C18-AEE2-B997-7EF431518D3F}
		{8798424A-FF07-48D4-B3DB-2A3DE2A7E1DB} = {0AB3BF05-4346-4AA6-1389-037BE0695223}
		{CF3EB053-856E-4188-96CA-5BBEA2973F37} = {0AB3BF05-4346-4AA6-1389-037BE0695223}
		{D6DF2E0E-D53E-4C8E-9F0C-51879221457E} = {0AB3BF05-4346-4AA6-1389-037BE0695223}
	EndGlobalSection
EndGlobal
